
Microsoft Visual Studio Solution File, Format Version 12.00
# Visual Studio Version 16
VisualStudioVersion = 16.0.30204.135
MinimumVisualStudioVersion = 10.0.40219.1
Project("{FAE04EC0-301F-11D3-BF4B-00C04F79EFBC}") = "MvcMovie", "MvcMovie.csproj", "{5523E29D-E66F-470F-921C-EE9D5851B482}"
EndProject
Global
	GlobalSection(SolutionConfigurationPlatforms) = preSolution
		Debug|Any CPU = Debug|Any CPU
		Release|Any CPU = Release|Any CPU
	EndGlobalSection
	GlobalSection(ProjectConfigurationPlatforms) = postSolution
		{5523E29D-E66F-470F-921C-EE9D5851B482}.Debug|Any CPU.ActiveCfg = Debug|Any CPU
		{5523E29D-E66F-470F-921C-EE9D5851B482}.Debug|Any CPU.Build.0 = Debug|Any CPU
		{5523E29D-E66F-470F-921C-EE9D5851B482}.Release|Any CPU.ActiveCfg = Release|Any CPU
		{5523E29D-E66F-470F-921C-EE9D5851B482}.Release|Any CPU.Build.0 = Release|Any CPU
	EndGlobalSection
	GlobalSection(SolutionProperties) = preSolution
		HideSolutionNode = FALSE
	EndGlobalSection
	GlobalSection(ExtensibilityGlobals) = postSolution
		SolutionGuid = {6099C3B0-1EEE-4B5C-A564-98E52134CA44}
	EndGlobalSection
EndGlobal
